
Microsoft Visual Studio Solution File, Format Version 12.00
# Visual Studio 2013
VisualStudioVersion = 12.0.30723.0
MinimumVisualStudioVersion = 10.0.40219.1
Project("{FAE04EC0-301F-11D3-BF4B-00C04F79EFBC}") = "Uhuru.Utilities", "Uhuru.Utilities\Uhuru.Utilities.csproj", "{CD3B15D7-8C7D-4302-A621-02BFD96FE6E3}"
EndProject
Project("{FAE04EC0-301F-11D3-BF4B-00C04F79EFBC}") = "Uhuru.CloudFoundry.DEA", "Uhuru.CloudFoundry.DEA\Uhuru.CloudFoundry.DEA.csproj", "{25C9BC3C-1897-4B00-858A-3CE7E4CB06F1}"
EndProject
Project("{FAE04EC0-301F-11D3-BF4B-00C04F79EFBC}") = "Uhuru.NatsClient", "Uhuru.NatsClient\Uhuru.NatsClient.csproj", "{BF174398-E394-4730-A6E0-B07A27C6CEF4}"
EndProject
Project("{FAE04EC0-301F-11D3-BF4B-00C04F79EFBC}") = "Uhuru.CloudFoundry.DEA.WindowsService", "Uhuru.CloudFoundry.DEA.WindowsService\Uhuru.CloudFoundry.DEA.WindowsService.csproj", "{A6512F25-2159-4812-89E7-838C375F983F}"
EndProject
Project("{FAE04EC0-301F-11D3-BF4B-00C04F79EFBC}") = "Uhuru.Configuration", "Uhuru.Configuration\Uhuru.Configuration.csproj", "{D4EEC05E-E353-499F-ADA8-BB4C5782EA85}"
EndProject
Project("{FAE04EC0-301F-11D3-BF4B-00C04F79EFBC}") = "Uhuru.CloudFoundry.DEA.PluginBase", "Uhuru.CloudFoundry.DEA.PluginBase\Uhuru.CloudFoundry.DEA.PluginBase.csproj", "{2EFB2C3D-89A1-439E-B1CA-B75FA8217314}"
EndProject
Project("{2150E333-8FDC-42A3-9474-1A3956D46DE8}") = "DEA", "DEA", "{9AF8C03A-1681-442A-BAB8-AAC2AD2F9B78}"
EndProject
Project("{FAE04EC0-301F-11D3-BF4B-00C04F79EFBC}") = "Uhuru.CloudFoundry.DEA.Plugins", "Uhuru.CloudFoundry.DEA.Plugins\Uhuru.CloudFoundry.DEA.Plugins.csproj", "{E4F8E3CD-1F1E-4255-BF80-C62283BF0597}"
EndProject
Project("{FAE04EC0-301F-11D3-BF4B-00C04F79EFBC}") = "Uhuru.CloudFoundry.Test", "Uhuru.CloudFoundry.Test\Uhuru.CloudFoundry.Test.csproj", "{1A84A85F-AB01-43A1-B5F1-78AAAC6AA57A}"
EndProject
Project("{FAE04EC0-301F-11D3-BF4B-00C04F79EFBC}") = "Uhuru.CloudFoundry.DEA.Plugins.AspDotNetLogging", "Uhuru.CloudFoundry.DEA.Plugins.AspDotNetLogging\Uhuru.CloudFoundry.DEA.Plugins.AspDotNetLogging.csproj", "{EFBDC205-6578-47AA-A53C-DFFC5A39CA1F}"
EndProject
Project("{2150E333-8FDC-42A3-9474-1A3956D46DE8}") = "Solution Items", "Solution Items", "{F61EC6BF-5FB5-45A7-B7FE-678B9D25938F}"
	ProjectSection(SolutionItems) = preProject
		Local.testsettings = Local.testsettings
		vcap-dotnet.vsmdi = vcap-dotnet.vsmdi
	EndProjectSection
EndProject
Project("{FAE04EC0-301F-11D3-BF4B-00C04F79EFBC}") = "Uhuru.CloudFoundry.DEA.DirectoryServer", "Uhuru.CloudFoundry.DEA.DirectoryServer\Uhuru.CloudFoundry.DEA.DirectoryServer.csproj", "{0C7A0FCA-20C9-45F5-9497-738258A3717A}"
EndProject
Project("{FAE04EC0-301F-11D3-BF4B-00C04F79EFBC}") = "Uhuru.Isolation", "Uhuru.ProcessPrison\Uhuru.Isolation.csproj", "{AF9D3A52-3380-4DF3-81E2-3302FF2349A4}"
EndProject
Project("{FAE04EC0-301F-11D3-BF4B-00C04F79EFBC}") = "Uhuru.ProcessPrisonRepl", "Uhuru.ProcessPrisonRepl\Uhuru.ProcessPrisonRepl.csproj", "{505E39C3-A5D0-455C-993B-4B04B219494F}"
	ProjectSection(ProjectDependencies) = postProject
		{CD3B15D7-8C7D-4302-A621-02BFD96FE6E3} = {CD3B15D7-8C7D-4302-A621-02BFD96FE6E3}
	EndProjectSection
EndProject
Project("{2150E333-8FDC-42A3-9474-1A3956D46DE8}") = "WindowsIsolatino-Old", "WindowsIsolatino-Old", "{47A99CDE-B98A-4D53-9FD5-B8F36F0654DC}"
EndProject
Project("{2150E333-8FDC-42A3-9474-1A3956D46DE8}") = "WindowsIsolation", "WindowsIsolation", "{A9C456DD-E3D6-4188-B440-E9E0C073A932}"
EndProject
Project("{FAE04EC0-301F-11D3-BF4B-00C04F79EFBC}") = "Uhuru.Prison", "windows-isolation\src\Uhuru.Prison\Uhuru.Prison.csproj", "{B9C02CB5-33CE-479A-9A16-78F67A66BF80}"
	ProjectSection(ProjectDependencies) = postProject
		{9B3D3029-488D-49F1-A4C1-FFF256196455} = {9B3D3029-488D-49F1-A4C1-FFF256196455}
	EndProjectSection
EndProject
Project("{8BC9CEB8-8B4A-11D0-8D11-00A0C91BC942}") = "Uhuru.Prison.Guard", "windows-isolation\src\Uhuru.Prison.Guard\Uhuru.Prison.Guard.vcxproj", "{9B3D3029-488D-49F1-A4C1-FFF256196455}"
EndProject
Global
	GlobalSection(SolutionConfigurationPlatforms) = preSolution
		Debug|Any CPU = Debug|Any CPU
		Debug|Mixed Platforms = Debug|Mixed Platforms
		Debug|Win32 = Debug|Win32
		Debug|x64 = Debug|x64
		Debug|x86 = Debug|x86
		Release|Any CPU = Release|Any CPU
		Release|Mixed Platforms = Release|Mixed Platforms
		Release|Win32 = Release|Win32
		Release|x64 = Release|x64
		Release|x86 = Release|x86
	EndGlobalSection
	GlobalSection(ProjectConfigurationPlatforms) = postSolution
		{CD3B15D7-8C7D-4302-A621-02BFD96FE6E3}.Debug|Any CPU.ActiveCfg = Debug|Any CPU
		{CD3B15D7-8C7D-4302-A621-02BFD96FE6E3}.Debug|Any CPU.Build.0 = Debug|Any CPU
		{CD3B15D7-8C7D-4302-A621-02BFD96FE6E3}.Debug|Mixed Platforms.ActiveCfg = Debug|Any CPU
		{CD3B15D7-8C7D-4302-A621-02BFD96FE6E3}.Debug|Mixed Platforms.Build.0 = Debug|Any CPU
		{CD3B15D7-8C7D-4302-A621-02BFD96FE6E3}.Debug|Win32.ActiveCfg = Debug|Any CPU
		{CD3B15D7-8C7D-4302-A621-02BFD96FE6E3}.Debug|x64.ActiveCfg = Debug|x64
		{CD3B15D7-8C7D-4302-A621-02BFD96FE6E3}.Debug|x64.Build.0 = Debug|x64
		{CD3B15D7-8C7D-4302-A621-02BFD96FE6E3}.Debug|x86.ActiveCfg = Debug|Any CPU
		{CD3B15D7-8C7D-4302-A621-02BFD96FE6E3}.Release|Any CPU.ActiveCfg = Release|Any CPU
		{CD3B15D7-8C7D-4302-A621-02BFD96FE6E3}.Release|Any CPU.Build.0 = Release|Any CPU
		{CD3B15D7-8C7D-4302-A621-02BFD96FE6E3}.Release|Mixed Platforms.ActiveCfg = Release|Any CPU
		{CD3B15D7-8C7D-4302-A621-02BFD96FE6E3}.Release|Mixed Platforms.Build.0 = Release|Any CPU
		{CD3B15D7-8C7D-4302-A621-02BFD96FE6E3}.Release|Win32.ActiveCfg = Release|Any CPU
		{CD3B15D7-8C7D-4302-A621-02BFD96FE6E3}.Release|x64.ActiveCfg = Release|Any CPU
		{CD3B15D7-8C7D-4302-A621-02BFD96FE6E3}.Release|x86.ActiveCfg = Release|Any CPU
		{25C9BC3C-1897-4B00-858A-3CE7E4CB06F1}.Debug|Any CPU.ActiveCfg = Debug|Any CPU
		{25C9BC3C-1897-4B00-858A-3CE7E4CB06F1}.Debug|Any CPU.Build.0 = Debug|Any CPU
		{25C9BC3C-1897-4B00-858A-3CE7E4CB06F1}.Debug|Mixed Platforms.ActiveCfg = Debug|Any CPU
		{25C9BC3C-1897-4B00-858A-3CE7E4CB06F1}.Debug|Mixed Platforms.Build.0 = Debug|Any CPU
		{25C9BC3C-1897-4B00-858A-3CE7E4CB06F1}.Debug|Win32.ActiveCfg = Debug|Any CPU
		{25C9BC3C-1897-4B00-858A-3CE7E4CB06F1}.Debug|x64.ActiveCfg = Debug|x64
		{25C9BC3C-1897-4B00-858A-3CE7E4CB06F1}.Debug|x64.Build.0 = Debug|x64
		{25C9BC3C-1897-4B00-858A-3CE7E4CB06F1}.Debug|x86.ActiveCfg = Debug|Any CPU
		{25C9BC3C-1897-4B00-858A-3CE7E4CB06F1}.Release|Any CPU.ActiveCfg = Release|Any CPU
		{25C9BC3C-1897-4B00-858A-3CE7E4CB06F1}.Release|Any CPU.Build.0 = Release|Any CPU
		{25C9BC3C-1897-4B00-858A-3CE7E4CB06F1}.Release|Mixed Platforms.ActiveCfg = Release|Any CPU
		{25C9BC3C-1897-4B00-858A-3CE7E4CB06F1}.Release|Mixed Platforms.Build.0 = Release|Any CPU
		{25C9BC3C-1897-4B00-858A-3CE7E4CB06F1}.Release|Win32.ActiveCfg = Release|Any CPU
		{25C9BC3C-1897-4B00-858A-3CE7E4CB06F1}.Release|x64.ActiveCfg = Release|Any CPU
		{25C9BC3C-1897-4B00-858A-3CE7E4CB06F1}.Release|x86.ActiveCfg = Release|Any CPU
		{BF174398-E394-4730-A6E0-B07A27C6CEF4}.Debug|Any CPU.ActiveCfg = Debug|Any CPU
		{BF174398-E394-4730-A6E0-B07A27C6CEF4}.Debug|Any CPU.Build.0 = Debug|Any CPU
		{BF174398-E394-4730-A6E0-B07A27C6CEF4}.Debug|Mixed Platforms.ActiveCfg = Debug|Any CPU
		{BF174398-E394-4730-A6E0-B07A27C6CEF4}.Debug|Mixed Platforms.Build.0 = Debug|Any CPU
		{BF174398-E394-4730-A6E0-B07A27C6CEF4}.Debug|Win32.ActiveCfg = Debug|Any CPU
		{BF174398-E394-4730-A6E0-B07A27C6CEF4}.Debug|x64.ActiveCfg = Debug|x64
		{BF174398-E394-4730-A6E0-B07A27C6CEF4}.Debug|x64.Build.0 = Debug|x64
		{BF174398-E394-4730-A6E0-B07A27C6CEF4}.Debug|x86.ActiveCfg = Debug|Any CPU
		{BF174398-E394-4730-A6E0-B07A27C6CEF4}.Release|Any CPU.ActiveCfg = Release|Any CPU
		{BF174398-E394-4730-A6E0-B07A27C6CEF4}.Release|Any CPU.Build.0 = Release|Any CPU
		{BF174398-E394-4730-A6E0-B07A27C6CEF4}.Release|Mixed Platforms.ActiveCfg = Release|Any CPU
		{BF174398-E394-4730-A6E0-B07A27C6CEF4}.Release|Mixed Platforms.Build.0 = Release|Any CPU
		{BF174398-E394-4730-A6E0-B07A27C6CEF4}.Release|Win32.ActiveCfg = Release|Any CPU
		{BF174398-E394-4730-A6E0-B07A27C6CEF4}.Release|x64.ActiveCfg = Release|Any CPU
		{BF174398-E394-4730-A6E0-B07A27C6CEF4}.Release|x86.ActiveCfg = Release|Any CPU
		{A6512F25-2159-4812-89E7-838C375F983F}.Debug|Any CPU.ActiveCfg = Debug|Any CPU
		{A6512F25-2159-4812-89E7-838C375F983F}.Debug|Any CPU.Build.0 = Debug|Any CPU
		{A6512F25-2159-4812-89E7-838C375F983F}.Debug|Mixed Platforms.ActiveCfg = Debug|Any CPU
		{A6512F25-2159-4812-89E7-838C375F983F}.Debug|Mixed Platforms.Build.0 = Debug|Any CPU
		{A6512F25-2159-4812-89E7-838C375F983F}.Debug|Win32.ActiveCfg = Debug|Any CPU
		{A6512F25-2159-4812-89E7-838C375F983F}.Debug|x64.ActiveCfg = Debug|x64
		{A6512F25-2159-4812-89E7-838C375F983F}.Debug|x64.Build.0 = Debug|x64
		{A6512F25-2159-4812-89E7-838C375F983F}.Debug|x86.ActiveCfg = Debug|Any CPU
		{A6512F25-2159-4812-89E7-838C375F983F}.Release|Any CPU.ActiveCfg = Release|Any CPU
		{A6512F25-2159-4812-89E7-838C375F983F}.Release|Any CPU.Build.0 = Release|Any CPU
		{A6512F25-2159-4812-89E7-838C375F983F}.Release|Mixed Platforms.ActiveCfg = Release|Any CPU
		{A6512F25-2159-4812-89E7-838C375F983F}.Release|Mixed Platforms.Build.0 = Release|Any CPU
		{A6512F25-2159-4812-89E7-838C375F983F}.Release|Win32.ActiveCfg = Release|Any CPU
		{A6512F25-2159-4812-89E7-838C375F983F}.Release|x64.ActiveCfg = Release|Any CPU
		{A6512F25-2159-4812-89E7-838C375F983F}.Release|x86.ActiveCfg = Release|Any CPU
		{D4EEC05E-E353-499F-ADA8-BB4C5782EA85}.Debug|Any CPU.ActiveCfg = Debug|Any CPU
		{D4EEC05E-E353-499F-ADA8-BB4C5782EA85}.Debug|Any CPU.Build.0 = Debug|Any CPU
		{D4EEC05E-E353-499F-ADA8-BB4C5782EA85}.Debug|Mixed Platforms.ActiveCfg = Debug|Any CPU
		{D4EEC05E-E353-499F-ADA8-BB4C5782EA85}.Debug|Mixed Platforms.Build.0 = Debug|Any CPU
		{D4EEC05E-E353-499F-ADA8-BB4C5782EA85}.Debug|Win32.ActiveCfg = Debug|Any CPU
		{D4EEC05E-E353-499F-ADA8-BB4C5782EA85}.Debug|x64.ActiveCfg = Debug|x64
		{D4EEC05E-E353-499F-ADA8-BB4C5782EA85}.Debug|x64.Build.0 = Debug|x64
		{D4EEC05E-E353-499F-ADA8-BB4C5782EA85}.Debug|x86.ActiveCfg = Debug|Any CPU
		{D4EEC05E-E353-499F-ADA8-BB4C5782EA85}.Release|Any CPU.ActiveCfg = Release|Any CPU
		{D4EEC05E-E353-499F-ADA8-BB4C5782EA85}.Release|Any CPU.Build.0 = Release|Any CPU
		{D4EEC05E-E353-499F-ADA8-BB4C5782EA85}.Release|Mixed Platforms.ActiveCfg = Release|Any CPU
		{D4EEC05E-E353-499F-ADA8-BB4C5782EA85}.Release|Mixed Platforms.Build.0 = Release|Any CPU
		{D4EEC05E-E353-499F-ADA8-BB4C5782EA85}.Release|Win32.ActiveCfg = Release|Any CPU
		{D4EEC05E-E353-499F-ADA8-BB4C5782EA85}.Release|x64.ActiveCfg = Release|Any CPU
		{D4EEC05E-E353-499F-ADA8-BB4C5782EA85}.Release|x86.ActiveCfg = Release|Any CPU
		{2EFB2C3D-89A1-439E-B1CA-B75FA8217314}.Debug|Any CPU.ActiveCfg = Debug|Any CPU
		{2EFB2C3D-89A1-439E-B1CA-B75FA8217314}.Debug|Any CPU.Build.0 = Debug|Any CPU
		{2EFB2C3D-89A1-439E-B1CA-B75FA8217314}.Debug|Mixed Platforms.ActiveCfg = Debug|Any CPU
		{2EFB2C3D-89A1-439E-B1CA-B75FA8217314}.Debug|Mixed Platforms.Build.0 = Debug|Any CPU
		{2EFB2C3D-89A1-439E-B1CA-B75FA8217314}.Debug|Win32.ActiveCfg = Debug|Any CPU
		{2EFB2C3D-89A1-439E-B1CA-B75FA8217314}.Debug|x64.ActiveCfg = Debug|x64
		{2EFB2C3D-89A1-439E-B1CA-B75FA8217314}.Debug|x64.Build.0 = Debug|x64
		{2EFB2C3D-89A1-439E-B1CA-B75FA8217314}.Debug|x86.ActiveCfg = Debug|Any CPU
		{2EFB2C3D-89A1-439E-B1CA-B75FA8217314}.Release|Any CPU.ActiveCfg = Release|Any CPU
		{2EFB2C3D-89A1-439E-B1CA-B75FA8217314}.Release|Any CPU.Build.0 = Release|Any CPU
		{2EFB2C3D-89A1-439E-B1CA-B75FA8217314}.Release|Mixed Platforms.ActiveCfg = Release|Any CPU
		{2EFB2C3D-89A1-439E-B1CA-B75FA8217314}.Release|Mixed Platforms.Build.0 = Release|Any CPU
		{2EFB2C3D-89A1-439E-B1CA-B75FA8217314}.Release|Win32.ActiveCfg = Release|Any CPU
		{2EFB2C3D-89A1-439E-B1CA-B75FA8217314}.Release|x64.ActiveCfg = Release|Any CPU
		{2EFB2C3D-89A1-439E-B1CA-B75FA8217314}.Release|x86.ActiveCfg = Release|Any CPU
		{E4F8E3CD-1F1E-4255-BF80-C62283BF0597}.Debug|Any CPU.ActiveCfg = Debug|Any CPU
		{E4F8E3CD-1F1E-4255-BF80-C62283BF0597}.Debug|Any CPU.Build.0 = Debug|Any CPU
		{E4F8E3CD-1F1E-4255-BF80-C62283BF0597}.Debug|Mixed Platforms.ActiveCfg = Debug|Any CPU
		{E4F8E3CD-1F1E-4255-BF80-C62283BF0597}.Debug|Mixed Platforms.Build.0 = Debug|Any CPU
		{E4F8E3CD-1F1E-4255-BF80-C62283BF0597}.Debug|Win32.ActiveCfg = Debug|Any CPU
		{E4F8E3CD-1F1E-4255-BF80-C62283BF0597}.Debug|x64.ActiveCfg = Debug|x64
		{E4F8E3CD-1F1E-4255-BF80-C62283BF0597}.Debug|x64.Build.0 = Debug|x64
		{E4F8E3CD-1F1E-4255-BF80-C62283BF0597}.Debug|x86.ActiveCfg = Debug|Any CPU
		{E4F8E3CD-1F1E-4255-BF80-C62283BF0597}.Release|Any CPU.ActiveCfg = Release|Any CPU
		{E4F8E3CD-1F1E-4255-BF80-C62283BF0597}.Release|Any CPU.Build.0 = Release|Any CPU
		{E4F8E3CD-1F1E-4255-BF80-C62283BF0597}.Release|Mixed Platforms.ActiveCfg = Release|Any CPU
		{E4F8E3CD-1F1E-4255-BF80-C62283BF0597}.Release|Mixed Platforms.Build.0 = Release|Any CPU
		{E4F8E3CD-1F1E-4255-BF80-C62283BF0597}.Release|Win32.ActiveCfg = Release|Any CPU
		{E4F8E3CD-1F1E-4255-BF80-C62283BF0597}.Release|x64.ActiveCfg = Release|Any CPU
		{E4F8E3CD-1F1E-4255-BF80-C62283BF0597}.Release|x86.ActiveCfg = Release|Any CPU
		{1A84A85F-AB01-43A1-B5F1-78AAAC6AA57A}.Debug|Any CPU.ActiveCfg = Debug|Any CPU
		{1A84A85F-AB01-43A1-B5F1-78AAAC6AA57A}.Debug|Any CPU.Build.0 = Debug|Any CPU
		{1A84A85F-AB01-43A1-B5F1-78AAAC6AA57A}.Debug|Mixed Platforms.ActiveCfg = Debug|Any CPU
		{1A84A85F-AB01-43A1-B5F1-78AAAC6AA57A}.Debug|Mixed Platforms.Build.0 = Debug|Any CPU
		{1A84A85F-AB01-43A1-B5F1-78AAAC6AA57A}.Debug|Win32.ActiveCfg = Debug|Any CPU
		{1A84A85F-AB01-43A1-B5F1-78AAAC6AA57A}.Debug|x64.ActiveCfg = Debug|x64
		{1A84A85F-AB01-43A1-B5F1-78AAAC6AA57A}.Debug|x64.Build.0 = Debug|x64
		{1A84A85F-AB01-43A1-B5F1-78AAAC6AA57A}.Debug|x86.ActiveCfg = Debug|Any CPU
		{1A84A85F-AB01-43A1-B5F1-78AAAC6AA57A}.Release|Any CPU.ActiveCfg = Release|Any CPU
		{1A84A85F-AB01-43A1-B5F1-78AAAC6AA57A}.Release|Any CPU.Build.0 = Release|Any CPU
		{1A84A85F-AB01-43A1-B5F1-78AAAC6AA57A}.Release|Mixed Platforms.ActiveCfg = Release|Any CPU
		{1A84A85F-AB01-43A1-B5F1-78AAAC6AA57A}.Release|Mixed Platforms.Build.0 = Release|Any CPU
		{1A84A85F-AB01-43A1-B5F1-78AAAC6AA57A}.Release|Win32.ActiveCfg = Release|Any CPU
		{1A84A85F-AB01-43A1-B5F1-78AAAC6AA57A}.Release|x64.ActiveCfg = Release|Any CPU
		{1A84A85F-AB01-43A1-B5F1-78AAAC6AA57A}.Release|x86.ActiveCfg = Release|Any CPU
		{EFBDC205-6578-47AA-A53C-DFFC5A39CA1F}.Debug|Any CPU.ActiveCfg = Debug|Any CPU
		{EFBDC205-6578-47AA-A53C-DFFC5A39CA1F}.Debug|Any CPU.Build.0 = Debug|Any CPU
		{EFBDC205-6578-47AA-A53C-DFFC5A39CA1F}.Debug|Mixed Platforms.ActiveCfg = Debug|Any CPU
		{EFBDC205-6578-47AA-A53C-DFFC5A39CA1F}.Debug|Mixed Platforms.Build.0 = Debug|Any CPU
		{EFBDC205-6578-47AA-A53C-DFFC5A39CA1F}.Debug|Win32.ActiveCfg = Debug|Any CPU
		{EFBDC205-6578-47AA-A53C-DFFC5A39CA1F}.Debug|x64.ActiveCfg = Debug|x64
		{EFBDC205-6578-47AA-A53C-DFFC5A39CA1F}.Debug|x64.Build.0 = Debug|x64
		{EFBDC205-6578-47AA-A53C-DFFC5A39CA1F}.Debug|x86.ActiveCfg = Debug|Any CPU
		{EFBDC205-6578-47AA-A53C-DFFC5A39CA1F}.Release|Any CPU.ActiveCfg = Release|Any CPU
		{EFBDC205-6578-47AA-A53C-DFFC5A39CA1F}.Release|Any CPU.Build.0 = Release|Any CPU
		{EFBDC205-6578-47AA-A53C-DFFC5A39CA1F}.Release|Mixed Platforms.ActiveCfg = Release|Any CPU
		{EFBDC205-6578-47AA-A53C-DFFC5A39CA1F}.Release|Mixed Platforms.Build.0 = Release|Any CPU
		{EFBDC205-6578-47AA-A53C-DFFC5A39CA1F}.Release|Win32.ActiveCfg = Release|Any CPU
		{EFBDC205-6578-47AA-A53C-DFFC5A39CA1F}.Release|x64.ActiveCfg = Release|Any CPU
		{EFBDC205-6578-47AA-A53C-DFFC5A39CA1F}.Release|x86.ActiveCfg = Release|Any CPU
		{0C7A0FCA-20C9-45F5-9497-738258A3717A}.Debug|Any CPU.ActiveCfg = Debug|Any CPU
		{0C7A0FCA-20C9-45F5-9497-738258A3717A}.Debug|Any CPU.Build.0 = Debug|Any CPU
		{0C7A0FCA-20C9-45F5-9497-738258A3717A}.Debug|Mixed Platforms.ActiveCfg = Debug|Any CPU
		{0C7A0FCA-20C9-45F5-9497-738258A3717A}.Debug|Mixed Platforms.Build.0 = Debug|Any CPU
		{0C7A0FCA-20C9-45F5-9497-738258A3717A}.Debug|Win32.ActiveCfg = Debug|Any CPU
		{0C7A0FCA-20C9-45F5-9497-738258A3717A}.Debug|x64.ActiveCfg = Debug|x64
		{0C7A0FCA-20C9-45F5-9497-738258A3717A}.Debug|x64.Build.0 = Debug|x64
		{0C7A0FCA-20C9-45F5-9497-738258A3717A}.Debug|x86.ActiveCfg = Debug|Any CPU
		{0C7A0FCA-20C9-45F5-9497-738258A3717A}.Release|Any CPU.ActiveCfg = Release|Any CPU
		{0C7A0FCA-20C9-45F5-9497-738258A3717A}.Release|Any CPU.Build.0 = Release|Any CPU
		{0C7A0FCA-20C9-45F5-9497-738258A3717A}.Release|Mixed Platforms.ActiveCfg = Release|Any CPU
		{0C7A0FCA-20C9-45F5-9497-738258A3717A}.Release|Mixed Platforms.Build.0 = Release|Any CPU
		{0C7A0FCA-20C9-45F5-9497-738258A3717A}.Release|Win32.ActiveCfg = Release|Any CPU
		{0C7A0FCA-20C9-45F5-9497-738258A3717A}.Release|x64.ActiveCfg = Release|Any CPU
		{0C7A0FCA-20C9-45F5-9497-738258A3717A}.Release|x86.ActiveCfg = Release|Any CPU
		{AF9D3A52-3380-4DF3-81E2-3302FF2349A4}.Debug|Any CPU.ActiveCfg = Debug|Any CPU
		{AF9D3A52-3380-4DF3-81E2-3302FF2349A4}.Debug|Any CPU.Build.0 = Debug|Any CPU
		{AF9D3A52-3380-4DF3-81E2-3302FF2349A4}.Debug|Mixed Platforms.ActiveCfg = Debug|Any CPU
		{AF9D3A52-3380-4DF3-81E2-3302FF2349A4}.Debug|Mixed Platforms.Build.0 = Debug|Any CPU
		{AF9D3A52-3380-4DF3-81E2-3302FF2349A4}.Debug|Win32.ActiveCfg = Debug|Any CPU
		{AF9D3A52-3380-4DF3-81E2-3302FF2349A4}.Debug|x64.ActiveCfg = Debug|x64
		{AF9D3A52-3380-4DF3-81E2-3302FF2349A4}.Debug|x64.Build.0 = Debug|x64
		{AF9D3A52-3380-4DF3-81E2-3302FF2349A4}.Debug|x86.ActiveCfg = Debug|Any CPU
		{AF9D3A52-3380-4DF3-81E2-3302FF2349A4}.Release|Any CPU.ActiveCfg = Release|Any CPU
		{AF9D3A52-3380-4DF3-81E2-3302FF2349A4}.Release|Any CPU.Build.0 = Release|Any CPU
		{AF9D3A52-3380-4DF3-81E2-3302FF2349A4}.Release|Mixed Platforms.ActiveCfg = Release|Any CPU
		{AF9D3A52-3380-4DF3-81E2-3302FF2349A4}.Release|Mixed Platforms.Build.0 = Release|Any CPU
		{AF9D3A52-3380-4DF3-81E2-3302FF2349A4}.Release|Win32.ActiveCfg = Release|Any CPU
		{AF9D3A52-3380-4DF3-81E2-3302FF2349A4}.Release|x64.ActiveCfg = Release|Any CPU
		{AF9D3A52-3380-4DF3-81E2-3302FF2349A4}.Release|x86.ActiveCfg = Release|Any CPU
		{505E39C3-A5D0-455C-993B-4B04B219494F}.Debug|Any CPU.ActiveCfg = Debug|Any CPU
		{505E39C3-A5D0-455C-993B-4B04B219494F}.Debug|Any CPU.Build.0 = Debug|Any CPU
		{505E39C3-A5D0-455C-993B-4B04B219494F}.Debug|Mixed Platforms.ActiveCfg = Debug|Any CPU
		{505E39C3-A5D0-455C-993B-4B04B219494F}.Debug|Mixed Platforms.Build.0 = Debug|Any CPU
		{505E39C3-A5D0-455C-993B-4B04B219494F}.Debug|Win32.ActiveCfg = Debug|Any CPU
		{505E39C3-A5D0-455C-993B-4B04B219494F}.Debug|x64.ActiveCfg = Debug|x64
		{505E39C3-A5D0-455C-993B-4B04B219494F}.Debug|x64.Build.0 = Debug|x64
		{505E39C3-A5D0-455C-993B-4B04B219494F}.Debug|x86.ActiveCfg = Debug|Any CPU
		{505E39C3-A5D0-455C-993B-4B04B219494F}.Release|Any CPU.ActiveCfg = Release|Any CPU
		{505E39C3-A5D0-455C-993B-4B04B219494F}.Release|Any CPU.Build.0 = Release|Any CPU
		{505E39C3-A5D0-455C-993B-4B04B219494F}.Release|Mixed Platforms.ActiveCfg = Release|Any CPU
		{505E39C3-A5D0-455C-993B-4B04B219494F}.Release|Mixed Platforms.Build.0 = Release|Any CPU
		{505E39C3-A5D0-455C-993B-4B04B219494F}.Release|Win32.ActiveCfg = Release|Any CPU
		{505E39C3-A5D0-455C-993B-4B04B219494F}.Release|x64.ActiveCfg = Release|Any CPU
		{505E39C3-A5D0-455C-993B-4B04B219494F}.Release|x86.ActiveCfg = Release|Any CPU
		{B9C02CB5-33CE-479A-9A16-78F67A66BF80}.Debug|Any CPU.ActiveCfg = Debug|Any CPU
		{B9C02CB5-33CE-479A-9A16-78F67A66BF80}.Debug|Any CPU.Build.0 = Debug|Any CPU
		{B9C02CB5-33CE-479A-9A16-78F67A66BF80}.Debug|Mixed Platforms.ActiveCfg = Debug|Any CPU
		{B9C02CB5-33CE-479A-9A16-78F67A66BF80}.Debug|Mixed Platforms.Build.0 = Debug|Any CPU
		{B9C02CB5-33CE-479A-9A16-78F67A66BF80}.Debug|Win32.ActiveCfg = Debug|Any CPU
		{B9C02CB5-33CE-479A-9A16-78F67A66BF80}.Debug|x64.ActiveCfg = Debug|x64
		{B9C02CB5-33CE-479A-9A16-78F67A66BF80}.Debug|x64.Build.0 = Debug|x64
		{B9C02CB5-33CE-479A-9A16-78F67A66BF80}.Debug|x86.ActiveCfg = Debug|Any CPU
		{B9C02CB5-33CE-479A-9A16-78F67A66BF80}.Release|Any CPU.ActiveCfg = Release|Any CPU
		{B9C02CB5-33CE-479A-9A16-78F67A66BF80}.Release|Any CPU.Build.0 = Release|Any CPU
		{B9C02CB5-33CE-479A-9A16-78F67A66BF80}.Release|Mixed Platforms.ActiveCfg = Release|Any CPU
		{B9C02CB5-33CE-479A-9A16-78F67A66BF80}.Release|Mixed Platforms.Build.0 = Release|Any CPU
		{B9C02CB5-33CE-479A-9A16-78F67A66BF80}.Release|Win32.ActiveCfg = Release|Any CPU
		{B9C02CB5-33CE-479A-9A16-78F67A66BF80}.Release|x64.ActiveCfg = Release|x64
		{B9C02CB5-33CE-479A-9A16-78F67A66BF80}.Release|x64.Build.0 = Release|x64
		{B9C02CB5-33CE-479A-9A16-78F67A66BF80}.Release|x86.ActiveCfg = Release|Any CPU
		{9B3D3029-488D-49F1-A4C1-FFF256196455}.Debug|Any CPU.ActiveCfg = Debug|Win32
		{9B3D3029-488D-49F1-A4C1-FFF256196455}.Debug|Mixed Platforms.ActiveCfg = Debug|Win32
		{9B3D3029-488D-49F1-A4C1-FFF256196455}.Debug|Mixed Platforms.Build.0 = Debug|Win32
		{9B3D3029-488D-49F1-A4C1-FFF256196455}.Debug|Win32.ActiveCfg = Debug|Win32
		{9B3D3029-488D-49F1-A4C1-FFF256196455}.Debug|Win32.Build.0 = Debug|Win32
		{9B3D3029-488D-49F1-A4C1-FFF256196455}.Debug|x64.ActiveCfg = Debug|x64
		{9B3D3029-488D-49F1-A4C1-FFF256196455}.Debug|x64.Build.0 = Debug|x64
		{9B3D3029-488D-49F1-A4C1-FFF256196455}.Debug|x86.ActiveCfg = Debug|Win32
		{9B3D3029-488D-49F1-A4C1-FFF256196455}.Debug|x86.Build.0 = Debug|Win32
		{9B3D3029-488D-49F1-A4C1-FFF256196455}.Release|Any CPU.ActiveCfg = Release|Win32
		{9B3D3029-488D-49F1-A4C1-FFF256196455}.Release|Mixed Platforms.ActiveCfg = Release|Win32
		{9B3D3029-488D-49F1-A4C1-FFF256196455}.Release|Mixed Platforms.Build.0 = Release|Win32
		{9B3D3029-488D-49F1-A4C1-FFF256196455}.Release|Win32.ActiveCfg = Release|Win32
		{9B3D3029-488D-49F1-A4C1-FFF256196455}.Release|Win32.Build.0 = Release|Win32
		{9B3D3029-488D-49F1-A4C1-FFF256196455}.Release|x64.ActiveCfg = Release|x64
		{9B3D3029-488D-49F1-A4C1-FFF256196455}.Release|x64.Build.0 = Release|x64
		{9B3D3029-488D-49F1-A4C1-FFF256196455}.Release|x86.ActiveCfg = Release|Win32
		{9B3D3029-488D-49F1-A4C1-FFF256196455}.Release|x86.Build.0 = Release|Win32
	EndGlobalSection
	GlobalSection(SolutionProperties) = preSolution
		HideSolutionNode = FALSE
	EndGlobalSection
	GlobalSection(NestedProjects) = preSolution
		{25C9BC3C-1897-4B00-858A-3CE7E4CB06F1} = {9AF8C03A-1681-442A-BAB8-AAC2AD2F9B78}
		{A6512F25-2159-4812-89E7-838C375F983F} = {9AF8C03A-1681-442A-BAB8-AAC2AD2F9B78}
		{2EFB2C3D-89A1-439E-B1CA-B75FA8217314} = {9AF8C03A-1681-442A-BAB8-AAC2AD2F9B78}
		{E4F8E3CD-1F1E-4255-BF80-C62283BF0597} = {9AF8C03A-1681-442A-BAB8-AAC2AD2F9B78}
		{EFBDC205-6578-47AA-A53C-DFFC5A39CA1F} = {9AF8C03A-1681-442A-BAB8-AAC2AD2F9B78}
		{0C7A0FCA-20C9-45F5-9497-738258A3717A} = {9AF8C03A-1681-442A-BAB8-AAC2AD2F9B78}
		{AF9D3A52-3380-4DF3-81E2-3302FF2349A4} = {47A99CDE-B98A-4D53-9FD5-B8F36F0654DC}
		{505E39C3-A5D0-455C-993B-4B04B219494F} = {47A99CDE-B98A-4D53-9FD5-B8F36F0654DC}
		{B9C02CB5-33CE-479A-9A16-78F67A66BF80} = {A9C456DD-E3D6-4188-B440-E9E0C073A932}
		{9B3D3029-488D-49F1-A4C1-FFF256196455} = {A9C456DD-E3D6-4188-B440-E9E0C073A932}
	EndGlobalSection
	GlobalSection(TestCaseManagementSettings) = postSolution
		CategoryFile = vcap-dotnet.vsmdi
	EndGlobalSection
EndGlobal
